
Microsoft Visual Studio Solution File, Format Version 12.00
# Visual Studio Version 17
VisualStudioVersion = 17.0.32014.148
MinimumVisualStudioVersion = 10.0.40219.1
Project("{FAE04EC0-301F-11D3-BF4B-00C04F79EFBC}") = "RaceCondition", "RaceCondition\RaceCondition.csproj", "{BC11F812-CFCA-470B-8C71-9F06C4AEC002}"
EndProject
Project("{FAE04EC0-301F-11D3-BF4B-00C04F79EFBC}") = "TaskDemo", "TaskDemo\TaskDemo.csproj", "{65C21344-355E-4F4D-B9F8-74EA6F3917FA}"
EndProject
Project("{FAE04EC0-301F-11D3-BF4B-00C04F79EFBC}") = "DemoStateManagement", "DemoStateManagment\DemoStateManagement.csproj", "{464CDC46-FD5E-4A4F-9230-6F44CE6B6E4B}"
EndProject
Global
	GlobalSection(SolutionConfigurationPlatforms) = preSolution
		Debug|Any CPU = Debug|Any CPU
		Release|Any CPU = Release|Any CPU
	EndGlobalSection
	GlobalSection(ProjectConfigurationPlatforms) = postSolution
		{BC11F812-CFCA-470B-8C71-9F06C4AEC002}.Debug|Any CPU.ActiveCfg = Debug|Any CPU
		{BC11F812-CFCA-470B-8C71-9F06C4AEC002}.Debug|Any CPU.Build.0 = Debug|Any CPU
		{BC11F812-CFCA-470B-8C71-9F06C4AEC002}.Release|Any CPU.ActiveCfg = Release|Any CPU
		{BC11F812-CFCA-470B-8C71-9F06C4AEC002}.Release|Any CPU.Build.0 = Release|Any CPU
		{65C21344-355E-4F4D-B9F8-74EA6F3917FA}.Debug|Any CPU.ActiveCfg = Debug|Any CPU
		{65C21344-355E-4F4D-B9F8-74EA6F3917FA}.Debug|Any CPU.Build.0 = Debug|Any CPU
		{65C21344-355E-4F4D-B9F8-74EA6F3917FA}.Release|Any CPU.ActiveCfg = Release|Any CPU
		{65C21344-355E-4F4D-B9F8-74EA6F3917FA}.Release|Any CPU.Build.0 = Release|Any CPU
		{464CDC46-FD5E-4A4F-9230-6F44CE6B6E4B}.Debug|Any CPU.ActiveCfg = Debug|Any CPU
		{464CDC46-FD5E-4A4F-9230-6F44CE6B6E4B}.Debug|Any CPU.Build.0 = Debug|Any CPU
		{464CDC46-FD5E-4A4F-9230-6F44CE6B6E4B}.Release|Any CPU.ActiveCfg = Release|Any CPU
		{464CDC46-FD5E-4A4F-9230-6F44CE6B6E4B}.Release|Any CPU.Build.0 = Release|Any CPU
	EndGlobalSection
	GlobalSection(SolutionProperties) = preSolution
		HideSolutionNode = FALSE
	EndGlobalSection
	GlobalSection(ExtensibilityGlobals) = postSolution
		SolutionGuid = {C15EA90C-0059-4132-BAD9-9DE7B0E7E6C5}
	EndGlobalSection
EndGlobal
