
Microsoft Visual Studio Solution File, Format Version 12.00
# Visual Studio Version 17
VisualStudioVersion = 17.0.32014.148
MinimumVisualStudioVersion = 10.0.40219.1
Project("{9A19103F-16F7-4668-BE54-9A1E7A4F7556}") = "HttpDemo", "HttpDemo.csproj", "{AD2BCC85-16D2-4BF4-ADBA-EDBED56B1CF5}"
EndProject
Project("{FAE04EC0-301F-11D3-BF4B-00C04F79EFBC}") = "HttpRequester", "..\HttpRequester\HttpRequester.csproj", "{39BAAEE8-BF8E-4ABD-AAE0-3D0A6040A4A6}"
EndProject
Global
	GlobalSection(SolutionConfigurationPlatforms) = preSolution
		Debug|Any CPU = Debug|Any CPU
		Release|Any CPU = Release|Any CPU
	EndGlobalSection
	GlobalSection(ProjectConfigurationPlatforms) = postSolution
		{AD2BCC85-16D2-4BF4-ADBA-EDBED56B1CF5}.Debug|Any CPU.ActiveCfg = Debug|Any CPU
		{AD2BCC85-16D2-4BF4-ADBA-EDBED56B1CF5}.Debug|Any CPU.Build.0 = Debug|Any CPU
		{AD2BCC85-16D2-4BF4-ADBA-EDBED56B1CF5}.Release|Any CPU.ActiveCfg = Release|Any CPU
		{AD2BCC85-16D2-4BF4-ADBA-EDBED56B1CF5}.Release|Any CPU.Build.0 = Release|Any CPU
		{39BAAEE8-BF8E-4ABD-AAE0-3D0A6040A4A6}.Debug|Any CPU.ActiveCfg = Debug|Any CPU
		{39BAAEE8-BF8E-4ABD-AAE0-3D0A6040A4A6}.Debug|Any CPU.Build.0 = Debug|Any CPU
		{39BAAEE8-BF8E-4ABD-AAE0-3D0A6040A4A6}.Release|Any CPU.ActiveCfg = Release|Any CPU
		{39BAAEE8-BF8E-4ABD-AAE0-3D0A6040A4A6}.Release|Any CPU.Build.0 = Release|Any CPU
	EndGlobalSection
	GlobalSection(SolutionProperties) = preSolution
		HideSolutionNode = FALSE
	EndGlobalSection
	GlobalSection(ExtensibilityGlobals) = postSolution
		SolutionGuid = {09773BC0-D446-4D1B-B3E5-0472D9EF1C8D}
	EndGlobalSection
EndGlobal
